
Microsoft Visual Studio Solution File, Format Version 12.00
# Visual Studio Version 17
VisualStudioVersion = 17.0.31903.59
MinimumVisualStudioVersion = 10.0.40219.1
Project("{FAE04EC0-301F-11D3-BF4B-00C04F79EFBC}") = "Interns.Api", "Interns.Api\Interns.Api.csproj", "{9C385D55-D970-40BD-A1CD-52906C6EE3EF}"
EndProject
Project("{FAE04EC0-301F-11D3-BF4B-00C04F79EFBC}") = "Interns.Core", "Interns.Core\Interns.Core.csproj", "{217CCF85-713A-4929-9572-E03A9F436941}"
EndProject
Global
	GlobalSection(SolutionConfigurationPlatforms) = preSolution
		Debug|Any CPU = Debug|Any CPU
		Debug|x64 = Debug|x64
		Debug|x86 = Debug|x86
		Release|Any CPU = Release|Any CPU
		Release|x64 = Release|x64
		Release|x86 = Release|x86
	EndGlobalSection
	GlobalSection(ProjectConfigurationPlatforms) = postSolution
		{9C385D55-D970-40BD-A1CD-52906C6EE3EF}.Debug|Any CPU.ActiveCfg = Debug|Any CPU
		{9C385D55-D970-40BD-A1CD-52906C6EE3EF}.Debug|Any CPU.Build.0 = Debug|Any CPU
		{9C385D55-D970-40BD-A1CD-52906C6EE3EF}.Debug|x64.ActiveCfg = Debug|Any CPU
		{9C385D55-D970-40BD-A1CD-52906C6EE3EF}.Debug|x64.Build.0 = Debug|Any CPU
		{9C385D55-D970-40BD-A1CD-52906C6EE3EF}.Debug|x86.ActiveCfg = Debug|Any CPU
		{9C385D55-D970-40BD-A1CD-52906C6EE3EF}.Debug|x86.Build.0 = Debug|Any CPU
		{9C385D55-D970-40BD-A1CD-52906C6EE3EF}.Release|Any CPU.ActiveCfg = Release|Any CPU
		{9C385D55-D970-40BD-A1CD-52906C6EE3EF}.Release|Any CPU.Build.0 = Release|Any CPU
		{9C385D55-D970-40BD-A1CD-52906C6EE3EF}.Release|x64.ActiveCfg = Release|Any CPU
		{9C385D55-D970-40BD-A1CD-52906C6EE3EF}.Release|x64.Build.0 = Release|Any CPU
		{9C385D55-D970-40BD-A1CD-52906C6EE3EF}.Release|x86.ActiveCfg = Release|Any CPU
		{9C385D55-D970-40BD-A1CD-52906C6EE3EF}.Release|x86.Build.0 = Release|Any CPU
		{217CCF85-713A-4929-9572-E03A9F436941}.Debug|Any CPU.ActiveCfg = Debug|Any CPU
		{217CCF85-713A-4929-9572-E03A9F436941}.Debug|Any CPU.Build.0 = Debug|Any CPU
		{217CCF85-713A-4929-9572-E03A9F436941}.Debug|x64.ActiveCfg = Debug|Any CPU
		{217CCF85-713A-4929-9572-E03A9F436941}.Debug|x64.Build.0 = Debug|Any CPU
		{217CCF85-713A-4929-9572-E03A9F436941}.Debug|x86.ActiveCfg = Debug|Any CPU
		{217CCF85-713A-4929-9572-E03A9F436941}.Debug|x86.Build.0 = Debug|Any CPU
		{217CCF85-713A-4929-9572-E03A9F436941}.Release|Any CPU.ActiveCfg = Release|Any CPU
		{217CCF85-713A-4929-9572-E03A9F436941}.Release|Any CPU.Build.0 = Release|Any CPU
		{217CCF85-713A-4929-9572-E03A9F436941}.Release|x64.ActiveCfg = Release|Any CPU
		{217CCF85-713A-4929-9572-E03A9F436941}.Release|x64.Build.0 = Release|Any CPU
		{217CCF85-713A-4929-9572-E03A9F436941}.Release|x86.ActiveCfg = Release|Any CPU
		{217CCF85-713A-4929-9572-E03A9F436941}.Release|x86.Build.0 = Release|Any CPU
	EndGlobalSection
	GlobalSection(SolutionProperties) = preSolution
		HideSolutionNode = FALSE
	EndGlobalSection
EndGlobal
